
Microsoft Visual Studio Solution File, Format Version 12.00
# Visual Studio Version 16
VisualStudioVersion = 16.0.32126.315
MinimumVisualStudioVersion = 10.0.40219.1
Project("{9A19103F-16F7-4668-BE54-9A1E7A4F7556}") = "XunitTestProject", "XunitTestProject\XunitTestProject.csproj", "{DDB1ED43-5550-44D6-AD94-81892410DAEE}"
EndProject
Project("{FAE04EC0-301F-11D3-BF4B-00C04F79EFBC}") = "XunitTestProject.Tests", "XunitTestProject.Tests\XunitTestProject.Tests.csproj", "{6E10BE7A-C13A-4EE9-A400-40B196893335}"
EndProject
Global
	GlobalSection(SolutionConfigurationPlatforms) = preSolution
		Debug|Any CPU = Debug|Any CPU
		Release|Any CPU = Release|Any CPU
	EndGlobalSection
	GlobalSection(ProjectConfigurationPlatforms) = postSolution
		{DDB1ED43-5550-44D6-AD94-81892410DAEE}.Debug|Any CPU.ActiveCfg = Debug|Any CPU
		{DDB1ED43-5550-44D6-AD94-81892410DAEE}.Debug|Any CPU.Build.0 = Debug|Any CPU
		{DDB1ED43-5550-44D6-AD94-81892410DAEE}.Release|Any CPU.ActiveCfg = Release|Any CPU
		{DDB1ED43-5550-44D6-AD94-81892410DAEE}.Release|Any CPU.Build.0 = Release|Any CPU
		{6E10BE7A-C13A-4EE9-A400-40B196893335}.Debug|Any CPU.ActiveCfg = Debug|Any CPU
		{6E10BE7A-C13A-4EE9-A400-40B196893335}.Debug|Any CPU.Build.0 = Debug|Any CPU
		{6E10BE7A-C13A-4EE9-A400-40B196893335}.Release|Any CPU.ActiveCfg = Release|Any CPU
		{6E10BE7A-C13A-4EE9-A400-40B196893335}.Release|Any CPU.Build.0 = Release|Any CPU
	EndGlobalSection
	GlobalSection(SolutionProperties) = preSolution
		HideSolutionNode = FALSE
	EndGlobalSection
	GlobalSection(ExtensibilityGlobals) = postSolution
		SolutionGuid = {5BCC1EE3-7C68-4033-B639-3DEBA6464AD0}
	EndGlobalSection
EndGlobal
